<?xml version="1.0" encoding="UTF-8" standalone="yes" ?>
<CodeBlocks_project_file>
	<FileVersion major="1" minor="6" />
	<Project>
		<Option title="tpTopicos" />
		<Option pch_mode="2" />
		<Option compiler="gcc" />
		<Build>
			<Target title="Debug">
				<Option output="bin/Debug/tpTopicos" prefix_auto="1" extension_auto="1" />
				<Option object_output="obj/Debug/" />
				<Option type="1" />
				<Option compiler="gcc" />
				<Option parameters="indices_icc_general_capitulos.csv Indices_items_obra.csv Indices_Binario.dat" />
				<Compiler>
					<Add option="-g" />
				</Compiler>
				<Linker>
					<Add library="TDAVector/bin/Debug/libTDAVector.a" />
					<Add library="TDAFecha/bin/Debug/libTDAFecha.a" />
				</Linker>
			</Target>
			<Target title="Release">
				<Option output="bin/Release/tpTopicos" prefix_auto="1" extension_auto="1" />
				<Option object_output="obj/Release/" />
				<Option type="1" />
				<Option compiler="gcc" />
				<Compiler>
					<Add option="-O2" />
				</Compiler>
				<Linker>
					<Add option="-s" />
				</Linker>
			</Target>
		</Build>
		<Compiler>
			<Add option="-Wall" />
		</Compiler>
		<Unit filename="comparators.c">
			<Option compilerVar="CC" />
		</Unit>
		<Unit filename="comparators.h" />
		<Unit filename="fila.h" />
		<Unit filename="io.c">
			<Option compilerVar="CC" />
		</Unit>
		<Unit filename="io.h" />
		<Unit filename="main.c">
			<Option compilerVar="CC" />
		</Unit>
		<Unit filename="main.h" />
		<Unit filename="procesamientoDeArchivo.c">
			<Option compilerVar="CC" />
		</Unit>
		<Unit filename="procesamientoDeArchivo.h" />
		<Unit filename="registroICC.h" />
		<Unit filename="utils.c">
			<Option compilerVar="CC" />
		</Unit>
		<Unit filename="utils.h" />
		<Unit filename="variaciones.c">
			<Option compilerVar="CC" />
		</Unit>
		<Unit filename="variaciones.h" />
		<Extensions>
			<lib_finder disable_auto="1" />
		</Extensions>
	</Project>
</CodeBlocks_project_file>
